
Microsoft Visual Studio Solution File, Format Version 12.00
# Visual Studio Version 17
VisualStudioVersion = 17.4.33213.308
MinimumVisualStudioVersion = 10.0.40219.1
Project("{9A19103F-16F7-4668-BE54-9A1E7A4F7556}") = "TangyWeb_Server", "TangyWeb_Server\TangyWeb_Server.csproj", "{FCBE0886-B794-41C8-9255-B5008A053A8E}"
EndProject
Project("{9A19103F-16F7-4668-BE54-9A1E7A4F7556}") = "TangyWeb_Client", "TangyWeb_Client\TangyWeb_Client.csproj", "{AB7D22B3-9A08-4EC5-9429-5125B389AE4C}"
EndProject
Project("{9A19103F-16F7-4668-BE54-9A1E7A4F7556}") = "Tangy_Models", "Tangy_Models\Tangy_Models.csproj", "{F8217C35-C6C5-4B56-847B-57ADFC8FCF36}"
EndProject
Global
	GlobalSection(SolutionConfigurationPlatforms) = preSolution
		Debug|Any CPU = Debug|Any CPU
		Release|Any CPU = Release|Any CPU
	EndGlobalSection
	GlobalSection(ProjectConfigurationPlatforms) = postSolution
		{FCBE0886-B794-41C8-9255-B5008A053A8E}.Debug|Any CPU.ActiveCfg = Debug|Any CPU
		{FCBE0886-B794-41C8-9255-B5008A053A8E}.Debug|Any CPU.Build.0 = Debug|Any CPU
		{FCBE0886-B794-41C8-9255-B5008A053A8E}.Release|Any CPU.ActiveCfg = Release|Any CPU
		{FCBE0886-B794-41C8-9255-B5008A053A8E}.Release|Any CPU.Build.0 = Release|Any CPU
		{AB7D22B3-9A08-4EC5-9429-5125B389AE4C}.Debug|Any CPU.ActiveCfg = Debug|Any CPU
		{AB7D22B3-9A08-4EC5-9429-5125B389AE4C}.Debug|Any CPU.Build.0 = Debug|Any CPU
		{AB7D22B3-9A08-4EC5-9429-5125B389AE4C}.Release|Any CPU.ActiveCfg = Release|Any CPU
		{AB7D22B3-9A08-4EC5-9429-5125B389AE4C}.Release|Any CPU.Build.0 = Release|Any CPU
		{F8217C35-C6C5-4B56-847B-57ADFC8FCF36}.Debug|Any CPU.ActiveCfg = Debug|Any CPU
		{F8217C35-C6C5-4B56-847B-57ADFC8FCF36}.Debug|Any CPU.Build.0 = Debug|Any CPU
		{F8217C35-C6C5-4B56-847B-57ADFC8FCF36}.Release|Any CPU.ActiveCfg = Release|Any CPU
		{F8217C35-C6C5-4B56-847B-57ADFC8FCF36}.Release|Any CPU.Build.0 = Release|Any CPU
	EndGlobalSection
	GlobalSection(SolutionProperties) = preSolution
		HideSolutionNode = FALSE
	EndGlobalSection
	GlobalSection(ExtensibilityGlobals) = postSolution
		SolutionGuid = {C7A3F9ED-E9D9-4645-AC0F-B637D562D93D}
	EndGlobalSection
EndGlobal
